
Microsoft Visual Studio Solution File, Format Version 12.00
Project("{FAE04EC0-301F-11D3-BF4B-00C04F79EFBC}") = "BigTextFileSorting", "BigTextFileSorting.csproj", "{99B7E4C6-F81C-4EF0-A3EE-C1372B20AB4C}"
EndProject
Global
	GlobalSection(SolutionConfigurationPlatforms) = preSolution
		Debug|Any CPU = Debug|Any CPU
		Release|Any CPU = Release|Any CPU
	EndGlobalSection
	GlobalSection(ProjectConfigurationPlatforms) = postSolution
		{99B7E4C6-F81C-4EF0-A3EE-C1372B20AB4C}.Debug|Any CPU.ActiveCfg = Debug|Any CPU
		{99B7E4C6-F81C-4EF0-A3EE-C1372B20AB4C}.Debug|Any CPU.Build.0 = Debug|Any CPU
		{99B7E4C6-F81C-4EF0-A3EE-C1372B20AB4C}.Release|Any CPU.ActiveCfg = Release|Any CPU
		{99B7E4C6-F81C-4EF0-A3EE-C1372B20AB4C}.Release|Any CPU.Build.0 = Release|Any CPU
	EndGlobalSection
EndGlobal
